
Microsoft Visual Studio Solution File, Format Version 12.00
# Visual Studio Version 17
VisualStudioVersion = 17.0.31903.59
MinimumVisualStudioVersion = 10.0.40219.1
Project("{2150E333-8FDC-42A3-9474-1A3956D46DE8}") = "src", "src", "{827E0CD3-B72D-47B6-A68D-7590B98EB39B}"
EndProject
Project("{FAE04EC0-301F-11D3-BF4B-00C04F79EFBC}") = "VSA.Kernel", "src\VSA.Kernel\VSA.Kernel.csproj", "{B787F10B-9248-42EA-994A-168605D27505}"
EndProject
Project("{FAE04EC0-301F-11D3-BF4B-00C04F79EFBC}") = "VSA.Application", "src\VSA.Application\VSA.Application.csproj", "{1076CBD3-CF50-421D-B034-A400C4E72A4F}"
EndProject
Project("{2150E333-8FDC-42A3-9474-1A3956D46DE8}") = "tests", "tests", "{0AB3BF05-4346-4AA6-1389-037BE0695223}"
EndProject
Project("{FAE04EC0-301F-11D3-BF4B-00C04F79EFBC}") = "VSA.Kernel.Tests", "tests\VSA.Kernel.Tests\VSA.Kernel.Tests.csproj", "{1B1A16E2-403A-4C21-9FA4-91EDC387F610}"
EndProject
Project("{FAE04EC0-301F-11D3-BF4B-00C04F79EFBC}") = "VSA.Application.Tests", "tests\VSA.Application.Tests\VSA.Application.Tests.csproj", "{11B2A197-5758-43BE-97B5-C0EE0AEFA757}"
EndProject
Project("{FAE04EC0-301F-11D3-BF4B-00C04F79EFBC}") = "VSA.Infrastructure", "src\VSA.Infrastructure\VSA.Infrastructure.csproj", "{73F2D2C2-9DA8-4E10-98C5-99913542E7E1}"
EndProject
Project("{FAE04EC0-301F-11D3-BF4B-00C04F79EFBC}") = "VSA.Infrastructure.Tests", "tests\VSA.Infrastructure.Tests\VSA.Infrastructure.Tests.csproj", "{82E8DA89-8601-4A36-A9E5-6979796C512E}"
EndProject
Project("{FAE04EC0-301F-11D3-BF4B-00C04F79EFBC}") = "VSA.Handlers", "src\VSA.Handlers\VSA.Handlers.csproj", "{5F4803E0-226A-4D83-BFD6-99F7B308436E}"
EndProject
Project("{FAE04EC0-301F-11D3-BF4B-00C04F79EFBC}") = "VSA.Handlers.Tests", "tests\VSA.Handlers.Tests\VSA.Handlers.Tests.csproj", "{D68512F9-932D-41DD-931B-E44DFD5D48B8}"
EndProject
Project("{FAE04EC0-301F-11D3-BF4B-00C04F79EFBC}") = "VSA.Blazor", "src\VSA.Blazor\VSA.Blazor.csproj", "{386C30C5-C9D0-4A9F-A51B-EA2821349062}"
EndProject
Project("{FAE04EC0-301F-11D3-BF4B-00C04F79EFBC}") = "VSA.Blazor.Tests", "tests\VSA.Blazor.Tests\VSA.Blazor.Tests.csproj", "{5C6B016F-EEFD-4624-B925-46AB1A3A212F}"
EndProject
Global
	GlobalSection(SolutionConfigurationPlatforms) = preSolution
		Debug|Any CPU = Debug|Any CPU
		Debug|x64 = Debug|x64
		Debug|x86 = Debug|x86
		Release|Any CPU = Release|Any CPU
		Release|x64 = Release|x64
		Release|x86 = Release|x86
	EndGlobalSection
	GlobalSection(ProjectConfigurationPlatforms) = postSolution
		{B787F10B-9248-42EA-994A-168605D27505}.Debug|Any CPU.ActiveCfg = Debug|Any CPU
		{B787F10B-9248-42EA-994A-168605D27505}.Debug|Any CPU.Build.0 = Debug|Any CPU
		{B787F10B-9248-42EA-994A-168605D27505}.Debug|x64.ActiveCfg = Debug|Any CPU
		{B787F10B-9248-42EA-994A-168605D27505}.Debug|x64.Build.0 = Debug|Any CPU
		{B787F10B-9248-42EA-994A-168605D27505}.Debug|x86.ActiveCfg = Debug|Any CPU
		{B787F10B-9248-42EA-994A-168605D27505}.Debug|x86.Build.0 = Debug|Any CPU
		{B787F10B-9248-42EA-994A-168605D27505}.Release|Any CPU.ActiveCfg = Release|Any CPU
		{B787F10B-9248-42EA-994A-168605D27505}.Release|Any CPU.Build.0 = Release|Any CPU
		{B787F10B-9248-42EA-994A-168605D27505}.Release|x64.ActiveCfg = Release|Any CPU
		{B787F10B-9248-42EA-994A-168605D27505}.Release|x64.Build.0 = Release|Any CPU
		{B787F10B-9248-42EA-994A-168605D27505}.Release|x86.ActiveCfg = Release|Any CPU
		{B787F10B-9248-42EA-994A-168605D27505}.Release|x86.Build.0 = Release|Any CPU
		{1076CBD3-CF50-421D-B034-A400C4E72A4F}.Debug|Any CPU.ActiveCfg = Debug|Any CPU
		{1076CBD3-CF50-421D-B034-A400C4E72A4F}.Debug|Any CPU.Build.0 = Debug|Any CPU
		{1076CBD3-CF50-421D-B034-A400C4E72A4F}.Debug|x64.ActiveCfg = Debug|Any CPU
		{1076CBD3-CF50-421D-B034-A400C4E72A4F}.Debug|x64.Build.0 = Debug|Any CPU
		{1076CBD3-CF50-421D-B034-A400C4E72A4F}.Debug|x86.ActiveCfg = Debug|Any CPU
		{1076CBD3-CF50-421D-B034-A400C4E72A4F}.Debug|x86.Build.0 = Debug|Any CPU
		{1076CBD3-CF50-421D-B034-A400C4E72A4F}.Release|Any CPU.ActiveCfg = Release|Any CPU
		{1076CBD3-CF50-421D-B034-A400C4E72A4F}.Release|Any CPU.Build.0 = Release|Any CPU
		{1076CBD3-CF50-421D-B034-A400C4E72A4F}.Release|x64.ActiveCfg = Release|Any CPU
		{1076CBD3-CF50-421D-B034-A400C4E72A4F}.Release|x64.Build.0 = Release|Any CPU
		{1076CBD3-CF50-421D-B034-A400C4E72A4F}.Release|x86.ActiveCfg = Release|Any CPU
		{1076CBD3-CF50-421D-B034-A400C4E72A4F}.Release|x86.Build.0 = Release|Any CPU
		{1B1A16E2-403A-4C21-9FA4-91EDC387F610}.Debug|Any CPU.ActiveCfg = Debug|Any CPU
		{1B1A16E2-403A-4C21-9FA4-91EDC387F610}.Debug|Any CPU.Build.0 = Debug|Any CPU
		{1B1A16E2-403A-4C21-9FA4-91EDC387F610}.Debug|x64.ActiveCfg = Debug|Any CPU
		{1B1A16E2-403A-4C21-9FA4-91EDC387F610}.Debug|x64.Build.0 = Debug|Any CPU
		{1B1A16E2-403A-4C21-9FA4-91EDC387F610}.Debug|x86.ActiveCfg = Debug|Any CPU
		{1B1A16E2-403A-4C21-9FA4-91EDC387F610}.Debug|x86.Build.0 = Debug|Any CPU
		{1B1A16E2-403A-4C21-9FA4-91EDC387F610}.Release|Any CPU.ActiveCfg = Release|Any CPU
		{1B1A16E2-403A-4C21-9FA4-91EDC387F610}.Release|Any CPU.Build.0 = Release|Any CPU
		{1B1A16E2-403A-4C21-9FA4-91EDC387F610}.Release|x64.ActiveCfg = Release|Any CPU
		{1B1A16E2-403A-4C21-9FA4-91EDC387F610}.Release|x64.Build.0 = Release|Any CPU
		{1B1A16E2-403A-4C21-9FA4-91EDC387F610}.Release|x86.ActiveCfg = Release|Any CPU
		{1B1A16E2-403A-4C21-9FA4-91EDC387F610}.Release|x86.Build.0 = Release|Any CPU
		{11B2A197-5758-43BE-97B5-C0EE0AEFA757}.Debug|Any CPU.ActiveCfg = Debug|Any CPU
		{11B2A197-5758-43BE-97B5-C0EE0AEFA757}.Debug|Any CPU.Build.0 = Debug|Any CPU
		{11B2A197-5758-43BE-97B5-C0EE0AEFA757}.Debug|x64.ActiveCfg = Debug|Any CPU
		{11B2A197-5758-43BE-97B5-C0EE0AEFA757}.Debug|x64.Build.0 = Debug|Any CPU
		{11B2A197-5758-43BE-97B5-C0EE0AEFA757}.Debug|x86.ActiveCfg = Debug|Any CPU
		{11B2A197-5758-43BE-97B5-C0EE0AEFA757}.Debug|x86.Build.0 = Debug|Any CPU
		{11B2A197-5758-43BE-97B5-C0EE0AEFA757}.Release|Any CPU.ActiveCfg = Release|Any CPU
		{11B2A197-5758-43BE-97B5-C0EE0AEFA757}.Release|Any CPU.Build.0 = Release|Any CPU
		{11B2A197-5758-43BE-97B5-C0EE0AEFA757}.Release|x64.ActiveCfg = Release|Any CPU
		{11B2A197-5758-43BE-97B5-C0EE0AEFA757}.Release|x64.Build.0 = Release|Any CPU
		{11B2A197-5758-43BE-97B5-C0EE0AEFA757}.Release|x86.ActiveCfg = Release|Any CPU
		{11B2A197-5758-43BE-97B5-C0EE0AEFA757}.Release|x86.Build.0 = Release|Any CPU
		{73F2D2C2-9DA8-4E10-98C5-99913542E7E1}.Debug|Any CPU.ActiveCfg = Debug|Any CPU
		{73F2D2C2-9DA8-4E10-98C5-99913542E7E1}.Debug|Any CPU.Build.0 = Debug|Any CPU
		{73F2D2C2-9DA8-4E10-98C5-99913542E7E1}.Debug|x64.ActiveCfg = Debug|Any CPU
		{73F2D2C2-9DA8-4E10-98C5-99913542E7E1}.Debug|x64.Build.0 = Debug|Any CPU
		{73F2D2C2-9DA8-4E10-98C5-99913542E7E1}.Debug|x86.ActiveCfg = Debug|Any CPU
		{73F2D2C2-9DA8-4E10-98C5-99913542E7E1}.Debug|x86.Build.0 = Debug|Any CPU
		{73F2D2C2-9DA8-4E10-98C5-99913542E7E1}.Release|Any CPU.ActiveCfg = Release|Any CPU
		{73F2D2C2-9DA8-4E10-98C5-99913542E7E1}.Release|Any CPU.Build.0 = Release|Any CPU
		{73F2D2C2-9DA8-4E10-98C5-99913542E7E1}.Release|x64.ActiveCfg = Release|Any CPU
		{73F2D2C2-9DA8-4E10-98C5-99913542E7E1}.Release|x64.Build.0 = Release|Any CPU
		{73F2D2C2-9DA8-4E10-98C5-99913542E7E1}.Release|x86.ActiveCfg = Release|Any CPU
		{73F2D2C2-9DA8-4E10-98C5-99913542E7E1}.Release|x86.Build.0 = Release|Any CPU
		{82E8DA89-8601-4A36-A9E5-6979796C512E}.Debug|Any CPU.ActiveCfg = Debug|Any CPU
		{82E8DA89-8601-4A36-A9E5-6979796C512E}.Debug|Any CPU.Build.0 = Debug|Any CPU
		{82E8DA89-8601-4A36-A9E5-6979796C512E}.Debug|x64.ActiveCfg = Debug|Any CPU
		{82E8DA89-8601-4A36-A9E5-6979796C512E}.Debug|x64.Build.0 = Debug|Any CPU
		{82E8DA89-8601-4A36-A9E5-6979796C512E}.Debug|x86.ActiveCfg = Debug|Any CPU
		{82E8DA89-8601-4A36-A9E5-6979796C512E}.Debug|x86.Build.0 = Debug|Any CPU
		{82E8DA89-8601-4A36-A9E5-6979796C512E}.Release|Any CPU.ActiveCfg = Release|Any CPU
		{82E8DA89-8601-4A36-A9E5-6979796C512E}.Release|Any CPU.Build.0 = Release|Any CPU
		{82E8DA89-8601-4A36-A9E5-6979796C512E}.Release|x64.ActiveCfg = Release|Any CPU
		{82E8DA89-8601-4A36-A9E5-6979796C512E}.Release|x64.Build.0 = Release|Any CPU
		{82E8DA89-8601-4A36-A9E5-6979796C512E}.Release|x86.ActiveCfg = Release|Any CPU
		{82E8DA89-8601-4A36-A9E5-6979796C512E}.Release|x86.Build.0 = Release|Any CPU
		{5F4803E0-226A-4D83-BFD6-99F7B308436E}.Debug|Any CPU.ActiveCfg = Debug|Any CPU
		{5F4803E0-226A-4D83-BFD6-99F7B308436E}.Debug|Any CPU.Build.0 = Debug|Any CPU
		{5F4803E0-226A-4D83-BFD6-99F7B308436E}.Debug|x64.ActiveCfg = Debug|Any CPU
		{5F4803E0-226A-4D83-BFD6-99F7B308436E}.Debug|x64.Build.0 = Debug|Any CPU
		{5F4803E0-226A-4D83-BFD6-99F7B308436E}.Debug|x86.ActiveCfg = Debug|Any CPU
		{5F4803E0-226A-4D83-BFD6-99F7B308436E}.Debug|x86.Build.0 = Debug|Any CPU
		{5F4803E0-226A-4D83-BFD6-99F7B308436E}.Release|Any CPU.ActiveCfg = Release|Any CPU
		{5F4803E0-226A-4D83-BFD6-99F7B308436E}.Release|Any CPU.Build.0 = Release|Any CPU
		{5F4803E0-226A-4D83-BFD6-99F7B308436E}.Release|x64.ActiveCfg = Release|Any CPU
		{5F4803E0-226A-4D83-BFD6-99F7B308436E}.Release|x64.Build.0 = Release|Any CPU
		{5F4803E0-226A-4D83-BFD6-99F7B308436E}.Release|x86.ActiveCfg = Release|Any CPU
		{5F4803E0-226A-4D83-BFD6-99F7B308436E}.Release|x86.Build.0 = Release|Any CPU
		{D68512F9-932D-41DD-931B-E44DFD5D48B8}.Debug|Any CPU.ActiveCfg = Debug|Any CPU
		{D68512F9-932D-41DD-931B-E44DFD5D48B8}.Debug|Any CPU.Build.0 = Debug|Any CPU
		{D68512F9-932D-41DD-931B-E44DFD5D48B8}.Debug|x64.ActiveCfg = Debug|Any CPU
		{D68512F9-932D-41DD-931B-E44DFD5D48B8}.Debug|x64.Build.0 = Debug|Any CPU
		{D68512F9-932D-41DD-931B-E44DFD5D48B8}.Debug|x86.ActiveCfg = Debug|Any CPU
		{D68512F9-932D-41DD-931B-E44DFD5D48B8}.Debug|x86.Build.0 = Debug|Any CPU
		{D68512F9-932D-41DD-931B-E44DFD5D48B8}.Release|Any CPU.ActiveCfg = Release|Any CPU
		{D68512F9-932D-41DD-931B-E44DFD5D48B8}.Release|Any CPU.Build.0 = Release|Any CPU
		{D68512F9-932D-41DD-931B-E44DFD5D48B8}.Release|x64.ActiveCfg = Release|Any CPU
		{D68512F9-932D-41DD-931B-E44DFD5D48B8}.Release|x64.Build.0 = Release|Any CPU
		{D68512F9-932D-41DD-931B-E44DFD5D48B8}.Release|x86.ActiveCfg = Release|Any CPU
		{D68512F9-932D-41DD-931B-E44DFD5D48B8}.Release|x86.Build.0 = Release|Any CPU
		{386C30C5-C9D0-4A9F-A51B-EA2821349062}.Debug|Any CPU.ActiveCfg = Debug|Any CPU
		{386C30C5-C9D0-4A9F-A51B-EA2821349062}.Debug|Any CPU.Build.0 = Debug|Any CPU
		{386C30C5-C9D0-4A9F-A51B-EA2821349062}.Debug|x64.ActiveCfg = Debug|Any CPU
		{386C30C5-C9D0-4A9F-A51B-EA2821349062}.Debug|x64.Build.0 = Debug|Any CPU
		{386C30C5-C9D0-4A9F-A51B-EA2821349062}.Debug|x86.ActiveCfg = Debug|Any CPU
		{386C30C5-C9D0-4A9F-A51B-EA2821349062}.Debug|x86.Build.0 = Debug|Any CPU
		{386C30C5-C9D0-4A9F-A51B-EA2821349062}.Release|Any CPU.ActiveCfg = Release|Any CPU
		{386C30C5-C9D0-4A9F-A51B-EA2821349062}.Release|Any CPU.Build.0 = Release|Any CPU
		{386C30C5-C9D0-4A9F-A51B-EA2821349062}.Release|x64.ActiveCfg = Release|Any CPU
		{386C30C5-C9D0-4A9F-A51B-EA2821349062}.Release|x64.Build.0 = Release|Any CPU
		{386C30C5-C9D0-4A9F-A51B-EA2821349062}.Release|x86.ActiveCfg = Release|Any CPU
		{386C30C5-C9D0-4A9F-A51B-EA2821349062}.Release|x86.Build.0 = Release|Any CPU
		{5C6B016F-EEFD-4624-B925-46AB1A3A212F}.Debug|Any CPU.ActiveCfg = Debug|Any CPU
		{5C6B016F-EEFD-4624-B925-46AB1A3A212F}.Debug|Any CPU.Build.0 = Debug|Any CPU
		{5C6B016F-EEFD-4624-B925-46AB1A3A212F}.Debug|x64.ActiveCfg = Debug|Any CPU
		{5C6B016F-EEFD-4624-B925-46AB1A3A212F}.Debug|x64.Build.0 = Debug|Any CPU
		{5C6B016F-EEFD-4624-B925-46AB1A3A212F}.Debug|x86.ActiveCfg = Debug|Any CPU
		{5C6B016F-EEFD-4624-B925-46AB1A3A212F}.Debug|x86.Build.0 = Debug|Any CPU
		{5C6B016F-EEFD-4624-B925-46AB1A3A212F}.Release|Any CPU.ActiveCfg = Release|Any CPU
		{5C6B016F-EEFD-4624-B925-46AB1A3A212F}.Release|Any CPU.Build.0 = Release|Any CPU
		{5C6B016F-EEFD-4624-B925-46AB1A3A212F}.Release|x64.ActiveCfg = Release|Any CPU
		{5C6B016F-EEFD-4624-B925-46AB1A3A212F}.Release|x64.Build.0 = Release|Any CPU
		{5C6B016F-EEFD-4624-B925-46AB1A3A212F}.Release|x86.ActiveCfg = Release|Any CPU
		{5C6B016F-EEFD-4624-B925-46AB1A3A212F}.Release|x86.Build.0 = Release|Any CPU
	EndGlobalSection
	GlobalSection(SolutionProperties) = preSolution
		HideSolutionNode = FALSE
	EndGlobalSection
	GlobalSection(NestedProjects) = preSolution
		{B787F10B-9248-42EA-994A-168605D27505} = {827E0CD3-B72D-47B6-A68D-7590B98EB39B}
		{1076CBD3-CF50-421D-B034-A400C4E72A4F} = {827E0CD3-B72D-47B6-A68D-7590B98EB39B}
		{1B1A16E2-403A-4C21-9FA4-91EDC387F610} = {0AB3BF05-4346-4AA6-1389-037BE0695223}
		{11B2A197-5758-43BE-97B5-C0EE0AEFA757} = {0AB3BF05-4346-4AA6-1389-037BE0695223}
		{73F2D2C2-9DA8-4E10-98C5-99913542E7E1} = {827E0CD3-B72D-47B6-A68D-7590B98EB39B}
		{82E8DA89-8601-4A36-A9E5-6979796C512E} = {0AB3BF05-4346-4AA6-1389-037BE0695223}
		{5F4803E0-226A-4D83-BFD6-99F7B308436E} = {827E0CD3-B72D-47B6-A68D-7590B98EB39B}
		{D68512F9-932D-41DD-931B-E44DFD5D48B8} = {0AB3BF05-4346-4AA6-1389-037BE0695223}
		{386C30C5-C9D0-4A9F-A51B-EA2821349062} = {827E0CD3-B72D-47B6-A68D-7590B98EB39B}
		{5C6B016F-EEFD-4624-B925-46AB1A3A212F} = {0AB3BF05-4346-4AA6-1389-037BE0695223}
	EndGlobalSection
EndGlobal
